
Microsoft Visual Studio Solution File, Format Version 12.00
Project("{FAE04EC0-301F-11D3-BF4B-00C04F79EFBC}") = "Movieverse.API", "Movieverse.API\Movieverse.API.csproj", "{DA6ECF47-713C-4FDF-835F-993853C9D616}"
EndProject
Project("{FAE04EC0-301F-11D3-BF4B-00C04F79EFBC}") = "Movieverse.Application", "Movieverse.Application\Movieverse.Application.csproj", "{99701C97-4BFD-426C-9A0F-E2219F0602AC}"
EndProject
Project("{FAE04EC0-301F-11D3-BF4B-00C04F79EFBC}") = "Movieverse.Domain", "Movieverse.Domain\Movieverse.Domain.csproj", "{78D09339-6983-409B-80E4-6265ECC6D33F}"
EndProject
Project("{FAE04EC0-301F-11D3-BF4B-00C04F79EFBC}") = "Movieverse.Infrastructure", "Movieverse.Infrastructure\Movieverse.Infrastructure.csproj", "{D079AF07-2D0B-4C0D-9BB4-87D5726A7973}"
EndProject
Project("{FAE04EC0-301F-11D3-BF4B-00C04F79EFBC}") = "Movieverse.UnitTests", "Movieverse.UnitTests\Movieverse.UnitTests.csproj", "{115864CB-4F24-453A-A8FB-DF0CC31C3F39}"
EndProject
Project("{FAE04EC0-301F-11D3-BF4B-00C04F79EFBC}") = "Movieverse.FunctionalTests", "Movieverse.FunctionalTests\Movieverse.FunctionalTests.csproj", "{48D14E71-5805-4CB4-AA8E-FAFBD4BFE15B}"
EndProject
Global
	GlobalSection(SolutionConfigurationPlatforms) = preSolution
		Debug|Any CPU = Debug|Any CPU
		Release|Any CPU = Release|Any CPU
	EndGlobalSection
	GlobalSection(ProjectConfigurationPlatforms) = postSolution
		{DA6ECF47-713C-4FDF-835F-993853C9D616}.Debug|Any CPU.ActiveCfg = Debug|Any CPU
		{DA6ECF47-713C-4FDF-835F-993853C9D616}.Debug|Any CPU.Build.0 = Debug|Any CPU
		{DA6ECF47-713C-4FDF-835F-993853C9D616}.Release|Any CPU.ActiveCfg = Release|Any CPU
		{DA6ECF47-713C-4FDF-835F-993853C9D616}.Release|Any CPU.Build.0 = Release|Any CPU
		{99701C97-4BFD-426C-9A0F-E2219F0602AC}.Debug|Any CPU.ActiveCfg = Debug|Any CPU
		{99701C97-4BFD-426C-9A0F-E2219F0602AC}.Debug|Any CPU.Build.0 = Debug|Any CPU
		{99701C97-4BFD-426C-9A0F-E2219F0602AC}.Release|Any CPU.ActiveCfg = Release|Any CPU
		{99701C97-4BFD-426C-9A0F-E2219F0602AC}.Release|Any CPU.Build.0 = Release|Any CPU
		{78D09339-6983-409B-80E4-6265ECC6D33F}.Debug|Any CPU.ActiveCfg = Debug|Any CPU
		{78D09339-6983-409B-80E4-6265ECC6D33F}.Debug|Any CPU.Build.0 = Debug|Any CPU
		{78D09339-6983-409B-80E4-6265ECC6D33F}.Release|Any CPU.ActiveCfg = Release|Any CPU
		{78D09339-6983-409B-80E4-6265ECC6D33F}.Release|Any CPU.Build.0 = Release|Any CPU
		{D079AF07-2D0B-4C0D-9BB4-87D5726A7973}.Debug|Any CPU.ActiveCfg = Debug|Any CPU
		{D079AF07-2D0B-4C0D-9BB4-87D5726A7973}.Debug|Any CPU.Build.0 = Debug|Any CPU
		{D079AF07-2D0B-4C0D-9BB4-87D5726A7973}.Release|Any CPU.ActiveCfg = Release|Any CPU
		{D079AF07-2D0B-4C0D-9BB4-87D5726A7973}.Release|Any CPU.Build.0 = Release|Any CPU
		{115864CB-4F24-453A-A8FB-DF0CC31C3F39}.Debug|Any CPU.ActiveCfg = Debug|Any CPU
		{115864CB-4F24-453A-A8FB-DF0CC31C3F39}.Debug|Any CPU.Build.0 = Debug|Any CPU
		{115864CB-4F24-453A-A8FB-DF0CC31C3F39}.Release|Any CPU.ActiveCfg = Release|Any CPU
		{115864CB-4F24-453A-A8FB-DF0CC31C3F39}.Release|Any CPU.Build.0 = Release|Any CPU
		{48D14E71-5805-4CB4-AA8E-FAFBD4BFE15B}.Debug|Any CPU.ActiveCfg = Debug|Any CPU
		{48D14E71-5805-4CB4-AA8E-FAFBD4BFE15B}.Debug|Any CPU.Build.0 = Debug|Any CPU
		{48D14E71-5805-4CB4-AA8E-FAFBD4BFE15B}.Release|Any CPU.ActiveCfg = Release|Any CPU
		{48D14E71-5805-4CB4-AA8E-FAFBD4BFE15B}.Release|Any CPU.Build.0 = Release|Any CPU
	EndGlobalSection
EndGlobal
